{
  "name": "plumeEmotionnelle",
  "lockfileVersion": 3,
  "requires": true,
  "packages": {
    "": {
      "dependencies": {
        "vue-axios": "^3.5.2"
      }
    },
    "node_modules/vue-axios": {
      "version": "3.5.2",
      "resolved": "https://registry.npmjs.org/vue-axios/-/vue-axios-3.5.2.tgz",
      "integrity": "sha512-GP+dct7UlAWkl1qoP3ppw0z6jcSua5/IrMpjB5O8bh089iIiJ+hdxPYH2NPEpajlYgkW5EVMP95ttXWdas1O0g==",
      "peerDependencies": {
        "axios": "*",
        "vue": "^3.0.0 || ^2.0.0"
      }
    }
  }
}
